
Microsoft Visual Studio Solution File, Format Version 12.00
# Visual Studio Version 16
VisualStudioVersion = 16.0.31205.134
MinimumVisualStudioVersion = 10.0.40219.1
Project("{FAE04EC0-301F-11D3-BF4B-00C04F79EFBC}") = "hotel  management system v1", "hotel  management system v1\hotel  management system v1.csproj", "{DAC0FFF8-3F2D-4E2E-BE8E-BC0B0092CCF9}"
EndProject
Global
	GlobalSection(SolutionConfigurationPlatforms) = preSolution
		Debug|Any CPU = Debug|Any CPU
		Release|Any CPU = Release|Any CPU
	EndGlobalSection
	GlobalSection(ProjectConfigurationPlatforms) = postSolution
		{DAC0FFF8-3F2D-4E2E-BE8E-BC0B0092CCF9}.Debug|Any CPU.ActiveCfg = Debug|Any CPU
		{DAC0FFF8-3F2D-4E2E-BE8E-BC0B0092CCF9}.Debug|Any CPU.Build.0 = Debug|Any CPU
		{DAC0FFF8-3F2D-4E2E-BE8E-BC0B0092CCF9}.Release|Any CPU.ActiveCfg = Release|Any CPU
		{DAC0FFF8-3F2D-4E2E-BE8E-BC0B0092CCF9}.Release|Any CPU.Build.0 = Release|Any CPU
	EndGlobalSection
	GlobalSection(SolutionProperties) = preSolution
		HideSolutionNode = FALSE
	EndGlobalSection
	GlobalSection(ExtensibilityGlobals) = postSolution
		SolutionGuid = {FF32F778-260F-4917-90CE-3A8CAD5D4EDD}
	EndGlobalSection
EndGlobal
